
Microsoft Visual Studio Solution File, Format Version 12.00
# Visual Studio 14
VisualStudioVersion = 14.0.25420.1
MinimumVisualStudioVersion = 10.0.40219.1
Project("{FAE04EC0-301F-11D3-BF4B-00C04F79EFBC}") = "badpaybad.Scraper", "badpaybad.Scraper\badpaybad.Scraper.csproj", "{C122E5D5-8E6D-4B72-92D0-FE368EEB12BE}"
EndProject
Project("{FAE04EC0-301F-11D3-BF4B-00C04F79EFBC}") = "badpaybad.Test", "badpaybad.Test\badpaybad.Test.csproj", "{325F0D1E-CEB6-4787-8ECE-B299CBF6BB06}"
EndProject
Project("{FAE04EC0-301F-11D3-BF4B-00C04F79EFBC}") = "ProjectTest", "ProjectTest\ProjectTest.csproj", "{41E09DA9-A119-4D8B-964E-63858D0A4926}"
EndProject
Global
	GlobalSection(SolutionConfigurationPlatforms) = preSolution
		Debug|Any CPU = Debug|Any CPU
		Debug|x86 = Debug|x86
		Release|Any CPU = Release|Any CPU
		Release|x86 = Release|x86
	EndGlobalSection
	GlobalSection(ProjectConfigurationPlatforms) = postSolution
		{C122E5D5-8E6D-4B72-92D0-FE368EEB12BE}.Debug|Any CPU.ActiveCfg = Debug|Any CPU
		{C122E5D5-8E6D-4B72-92D0-FE368EEB12BE}.Debug|Any CPU.Build.0 = Debug|Any CPU
		{C122E5D5-8E6D-4B72-92D0-FE368EEB12BE}.Debug|x86.ActiveCfg = Debug|Any CPU
		{C122E5D5-8E6D-4B72-92D0-FE368EEB12BE}.Debug|x86.Build.0 = Debug|Any CPU
		{C122E5D5-8E6D-4B72-92D0-FE368EEB12BE}.Release|Any CPU.ActiveCfg = Release|Any CPU
		{C122E5D5-8E6D-4B72-92D0-FE368EEB12BE}.Release|Any CPU.Build.0 = Release|Any CPU
		{C122E5D5-8E6D-4B72-92D0-FE368EEB12BE}.Release|x86.ActiveCfg = Release|Any CPU
		{C122E5D5-8E6D-4B72-92D0-FE368EEB12BE}.Release|x86.Build.0 = Release|Any CPU
		{325F0D1E-CEB6-4787-8ECE-B299CBF6BB06}.Debug|Any CPU.ActiveCfg = Debug|Any CPU
		{325F0D1E-CEB6-4787-8ECE-B299CBF6BB06}.Debug|Any CPU.Build.0 = Debug|Any CPU
		{325F0D1E-CEB6-4787-8ECE-B299CBF6BB06}.Debug|x86.ActiveCfg = Debug|Any CPU
		{325F0D1E-CEB6-4787-8ECE-B299CBF6BB06}.Debug|x86.Build.0 = Debug|Any CPU
		{325F0D1E-CEB6-4787-8ECE-B299CBF6BB06}.Release|Any CPU.ActiveCfg = Release|Any CPU
		{325F0D1E-CEB6-4787-8ECE-B299CBF6BB06}.Release|Any CPU.Build.0 = Release|Any CPU
		{325F0D1E-CEB6-4787-8ECE-B299CBF6BB06}.Release|x86.ActiveCfg = Release|Any CPU
		{325F0D1E-CEB6-4787-8ECE-B299CBF6BB06}.Release|x86.Build.0 = Release|Any CPU
		{41E09DA9-A119-4D8B-964E-63858D0A4926}.Debug|Any CPU.ActiveCfg = Debug|x86
		{41E09DA9-A119-4D8B-964E-63858D0A4926}.Debug|x86.ActiveCfg = Debug|x86
		{41E09DA9-A119-4D8B-964E-63858D0A4926}.Debug|x86.Build.0 = Debug|x86
		{41E09DA9-A119-4D8B-964E-63858D0A4926}.Release|Any CPU.ActiveCfg = Release|x86
		{41E09DA9-A119-4D8B-964E-63858D0A4926}.Release|x86.ActiveCfg = Release|x86
		{41E09DA9-A119-4D8B-964E-63858D0A4926}.Release|x86.Build.0 = Release|x86
	EndGlobalSection
	GlobalSection(SolutionProperties) = preSolution
		HideSolutionNode = FALSE
	EndGlobalSection
EndGlobal
